{
  "name": "@proof-computer/switchboard-workflows",
  "version": "0.1.1",
  "lockfileVersion": 3,
  "requires": true,
  "packages": {
    "": {
      "name": "@proof-computer/switchboard-workflows",
      "version": "0.1.1",
      "license": "UNLICENSED",
      "dependencies": {
        "@polkadot/keyring": "^14.0.3",
        "@polkadot/util": "^14.0.3",
        "@polkadot/util-crypto": "^14.0.3",
        "ethers": "^6.15.0",
        "zod": "^4.1.12"
      },
      "devDependencies": {
        "@types/node": "^24.10.1",
        "typescript": "^5.9.3"
      },
      "engines": {
        "node": ">=20"
      }
    },
    "node_modules/@adraffy/ens-normalize": {
      "version": "1.10.1",
      "resolved": "https://registry.npmjs.org/@adraffy/ens-normalize/-/ens-normalize-1.10.1.tgz",
      "integrity": "sha512-96Z2IP3mYmF1Xg2cDm8f1gWGf/HUVedQ3FMifV4kG/PQ4yEP51xDtRAEfhVNt5f/uzpNkZHwWQuUcu6D6K+Ekw==",
      "license": "MIT"
    },
    "node_modules/@noble/curves": {
      "version": "1.9.7",
      "resolved": "https://registry.npmjs.org/@noble/curves/-/curves-1.9.7.tgz",
      "integrity": "sha512-gbKGcRUYIjA3/zCCNaWDciTMFI0dCkvou3TL8Zmy5Nc7sJ47a0jtOeZoTaMxkuqRo9cRhjOdZJXegxYE5FN/xw==",
      "license": "MIT",
      "dependencies": {
        "@noble/hashes": "1.8.0"
      },
      "engines": {
        "node": "^14.21.3 || >=16"
      },
      "funding": {
        "url": "https://paulmillr.com/funding/"
      }
    },
    "node_modules/@noble/hashes": {
      "version": "1.8.0",
      "resolved": "https://registry.npmjs.org/@noble/hashes/-/hashes-1.8.0.tgz",
      "integrity": "sha512-jCs9ldd7NwzpgXDIf6P3+NrHh9/sD6CQdxHyjQI+h/6rDNo88ypBxxz45UDuZHz9r3tNz7N/VInSVoVdtXEI4A==",
      "license": "MIT",
      "engines": {
        "node": "^14.21.3 || >=16"
      },
      "funding": {
        "url": "https://paulmillr.com/funding/"
      }
    },
    "node_modules/@polkadot/keyring": {
      "version": "14.0.3",
      "resolved": "https://registry.npmjs.org/@polkadot/keyring/-/keyring-14.0.3.tgz",
      "integrity": "sha512-ozp1dQwaHCjgX/fpTTORmHjxdUNQnyiTVJszpzUaUpvtH/IGZhSU/mSHXMqNETS/g57vQa7NatIDcWfyR9abyA==",
      "license": "Apache-2.0",
      "dependencies": {
        "@polkadot/util": "14.0.3",
        "@polkadot/util-crypto": "14.0.3",
        "tslib": "^2.8.0"
      },
      "engines": {
        "node": ">=18"
      },
      "peerDependencies": {
        "@polkadot/util": "14.0.3",
        "@polkadot/util-crypto": "14.0.3"
      }
    },
    "node_modules/@polkadot/networks": {
      "version": "14.0.3",
      "resolved": "https://registry.npmjs.org/@polkadot/networks/-/networks-14.0.3.tgz",
      "integrity": "sha512-/VqTLUDn+Wm8S2L/yaGFddo3oW4vRYav0Rg4pLg/semMZLaN8PJ6h927ucn9JyWdH82QfZfyiIPORt0ZF3isyw==",
      "license": "Apache-2.0",
      "dependencies": {
        "@polkadot/util": "14.0.3",
        "@substrate/ss58-registry": "^1.51.0",
        "tslib": "^2.8.0"
      },
      "engines": {
        "node": ">=18"
      }
    },
    "node_modules/@polkadot/util": {
      "version": "14.0.3",
      "resolved": "https://registry.npmjs.org/@polkadot/util/-/util-14.0.3.tgz",
      "integrity": "sha512-mg1NR7ixHlNiz2zbvdcdy1OXZmca2tVA4DpewGpY/qFkW/gq9HdDrHLu7g0k90QnunDcFW4emb7NB60sGJQ0bw==",
      "license": "Apache-2.0",
      "dependencies": {
        "@polkadot/x-bigint": "14.0.3",
        "@polkadot/x-global": "14.0.3",
        "@polkadot/x-textdecoder": "14.0.3",
        "@polkadot/x-textencoder": "14.0.3",
        "@types/bn.js": "^5.1.6",
        "bn.js": "^5.2.1",
        "tslib": "^2.8.0"
      },
      "engines": {
        "node": ">=18"
      }
    },
    "node_modules/@polkadot/util-crypto": {
      "version": "14.0.3",
      "resolved": "https://registry.npmjs.org/@polkadot/util-crypto/-/util-crypto-14.0.3.tgz",
      "integrity": "sha512-V00BI6XnZLCkrAmV8uN0eSB6fy48CkxdDZT29cgSMSwHPtY6oKUNgd1ST07PGCL5x8XflwjoA7CTlhdbp1Y9gw==",
      "license": "Apache-2.0",
      "dependencies": {
        "@noble/curves": "^1.3.0",
        "@noble/hashes": "^1.3.3",
        "@polkadot/networks": "14.0.3",
        "@polkadot/util": "14.0.3",
        "@polkadot/wasm-crypto": "^7.5.3",
        "@polkadot/wasm-util": "^7.5.3",
        "@polkadot/x-bigint": "14.0.3",
        "@polkadot/x-randomvalues": "14.0.3",
        "@scure/base": "^1.1.7",
        "@scure/sr25519": "^0.2.0",
        "tslib": "^2.8.0"
      },
      "engines": {
        "node": ">=18"
      },
      "peerDependencies": {
        "@polkadot/util": "14.0.3"
      }
    },
    "node_modules/@polkadot/wasm-bridge": {
      "version": "7.5.4",
      "resolved": "https://registry.npmjs.org/@polkadot/wasm-bridge/-/wasm-bridge-7.5.4.tgz",
      "integrity": "sha512-6xaJVvoZbnbgpQYXNw9OHVNWjXmtcoPcWh7hlwx3NpfiLkkjljj99YS+XGZQlq7ks2fVCg7FbfknkNb8PldDaA==",
      "license": "Apache-2.0",
      "dependencies": {
        "@polkadot/wasm-util": "7.5.4",
        "tslib": "^2.7.0"
      },
      "engines": {
        "node": ">=18"
      },
      "peerDependencies": {
        "@polkadot/util": "*",
        "@polkadot/x-randomvalues": "*"
      }
    },
    "node_modules/@polkadot/wasm-crypto": {
      "version": "7.5.4",
      "resolved": "https://registry.npmjs.org/@polkadot/wasm-crypto/-/wasm-crypto-7.5.4.tgz",
      "integrity": "sha512-1seyClxa7Jd7kQjfnCzTTTfYhTa/KUTDUaD3DMHBk5Q4ZUN1D1unJgX+v1aUeXSPxmzocdZETPJJRZjhVOqg9g==",
      "license": "Apache-2.0",
      "dependencies": {
        "@polkadot/wasm-bridge": "7.5.4",
        "@polkadot/wasm-crypto-asmjs": "7.5.4",
        "@polkadot/wasm-crypto-init": "7.5.4",
        "@polkadot/wasm-crypto-wasm": "7.5.4",
        "@polkadot/wasm-util": "7.5.4",
        "tslib": "^2.7.0"
      },
      "engines": {
        "node": ">=18"
      },
      "peerDependencies": {
        "@polkadot/util": "*",
        "@polkadot/x-randomvalues": "*"
      }
    },
    "node_modules/@polkadot/wasm-crypto-asmjs": {
      "version": "7.5.4",
      "resolved": "https://registry.npmjs.org/@polkadot/wasm-crypto-asmjs/-/wasm-crypto-asmjs-7.5.4.tgz",
      "integrity": "sha512-ZYwxQHAJ8pPt6kYk9XFmyuFuSS+yirJLonvP+DYbxOrARRUHfN4nzp4zcZNXUuaFhpbDobDSFn6gYzye6BUotA==",
      "license": "Apache-2.0",
      "dependencies": {
        "tslib": "^2.7.0"
      },
      "engines": {
        "node": ">=18"
      },
      "peerDependencies": {
        "@polkadot/util": "*"
      }
    },
    "node_modules/@polkadot/wasm-crypto-init": {
      "version": "7.5.4",
      "resolved": "https://registry.npmjs.org/@polkadot/wasm-crypto-init/-/wasm-crypto-init-7.5.4.tgz",
      "integrity": "sha512-U6s4Eo2rHs2n1iR01vTz/sOQ7eOnRPjaCsGWhPV+ZC/20hkVzwPAhiizu/IqMEol4tO2yiSheD4D6bn0KxUJhg==",
      "license": "Apache-2.0",
      "dependencies": {
        "@polkadot/wasm-bridge": "7.5.4",
        "@polkadot/wasm-crypto-asmjs": "7.5.4",
        "@polkadot/wasm-crypto-wasm": "7.5.4",
        "@polkadot/wasm-util": "7.5.4",
        "tslib": "^2.7.0"
      },
      "engines": {
        "node": ">=18"
      },
      "peerDependencies": {
        "@polkadot/util": "*",
        "@polkadot/x-randomvalues": "*"
      }
    },
    "node_modules/@polkadot/wasm-crypto-wasm": {
      "version": "7.5.4",
      "resolved": "https://registry.npmjs.org/@polkadot/wasm-crypto-wasm/-/wasm-crypto-wasm-7.5.4.tgz",
      "integrity": "sha512-PsHgLsVTu43eprwSvUGnxybtOEuHPES6AbApcs7y5ZbM2PiDMzYbAjNul098xJK/CPtrxZ0ePDFnaQBmIJyTFw==",
      "license": "Apache-2.0",
      "dependencies": {
        "@polkadot/wasm-util": "7.5.4",
        "tslib": "^2.7.0"
      },
      "engines": {
        "node": ">=18"
      },
      "peerDependencies": {
        "@polkadot/util": "*"
      }
    },
    "node_modules/@polkadot/wasm-util": {
      "version": "7.5.4",
      "resolved": "https://registry.npmjs.org/@polkadot/wasm-util/-/wasm-util-7.5.4.tgz",
      "integrity": "sha512-hqPpfhCpRAqCIn/CYbBluhh0TXmwkJnDRjxrU9Bnqtw9nMNa97D8JuOjdd2pi0rxm+eeLQ/f1rQMp71RMM9t4w==",
      "license": "Apache-2.0",
      "dependencies": {
        "tslib": "^2.7.0"
      },
      "engines": {
        "node": ">=18"
      },
      "peerDependencies": {
        "@polkadot/util": "*"
      }
    },
    "node_modules/@polkadot/x-bigint": {
      "version": "14.0.3",
      "resolved": "https://registry.npmjs.org/@polkadot/x-bigint/-/x-bigint-14.0.3.tgz",
      "integrity": "sha512-U0al6BKgldFrEbmSObRAlzv9VDs5SMa/rbvZKvvkVec0sWTzYPWQZU1ZC/biXLYdjdKML89BeuCKmXZtCcGhUQ==",
      "license": "Apache-2.0",
      "dependencies": {
        "@polkadot/x-global": "14.0.3",
        "tslib": "^2.8.0"
      },
      "engines": {
        "node": ">=18"
      }
    },
    "node_modules/@polkadot/x-global": {
      "version": "14.0.3",
      "resolved": "https://registry.npmjs.org/@polkadot/x-global/-/x-global-14.0.3.tgz",
      "integrity": "sha512-MzMEynJ7HMTy/plLmdyP8rv14RS/6s29HZodUG9aCOscBnEiEDxVEax/ztRJqxhhQuHeYdx0LYDwVbdQDTkqNw==",
      "license": "Apache-2.0",
      "dependencies": {
        "tslib": "^2.8.0"
      },
      "engines": {
        "node": ">=18"
      }
    },
    "node_modules/@polkadot/x-randomvalues": {
      "version": "14.0.3",
      "resolved": "https://registry.npmjs.org/@polkadot/x-randomvalues/-/x-randomvalues-14.0.3.tgz",
      "integrity": "sha512-qTPcrk0nIHL2tIu5e0cLj3puQvjCK7onehnqO2fvlmWeIlvDel66fwWs06Ipsib+CwLJdmE6WgNy+8Jv74r6YA==",
      "license": "Apache-2.0",
      "dependencies": {
        "@polkadot/x-global": "14.0.3",
        "tslib": "^2.8.0"
      },
      "engines": {
        "node": ">=18"
      },
      "peerDependencies": {
        "@polkadot/util": "14.0.3",
        "@polkadot/wasm-util": "*"
      }
    },
    "node_modules/@polkadot/x-textdecoder": {
      "version": "14.0.3",
      "resolved": "https://registry.npmjs.org/@polkadot/x-textdecoder/-/x-textdecoder-14.0.3.tgz",
      "integrity": "sha512-4RJYDG00iUzQ7YAuS/yvkWRZlkjYU8PUNdJHRfqtJ+SjrSPB7LYYxFhLgw43TZUtHmIueNTsml2Ukv3xXTr2kA==",
      "license": "Apache-2.0",
      "dependencies": {
        "@polkadot/x-global": "14.0.3",
        "tslib": "^2.8.0"
      },
      "engines": {
        "node": ">=18"
      }
    },
    "node_modules/@polkadot/x-textencoder": {
      "version": "14.0.3",
      "resolved": "https://registry.npmjs.org/@polkadot/x-textencoder/-/x-textencoder-14.0.3.tgz",
      "integrity": "sha512-9HH6o2L+r99wEfXhPb5g+Xwn7qouqD32PsMux7B0dFGR2KNqP4KwO19Hu+gdij6wsEhy7delhZwzHenrWwDfhQ==",
      "license": "Apache-2.0",
      "dependencies": {
        "@polkadot/x-global": "14.0.3",
        "tslib": "^2.8.0"
      },
      "engines": {
        "node": ">=18"
      }
    },
    "node_modules/@scure/base": {
      "version": "1.2.6",
      "resolved": "https://registry.npmjs.org/@scure/base/-/base-1.2.6.tgz",
      "integrity": "sha512-g/nm5FgUa//MCj1gV09zTJTaM6KBAHqLN907YVQqf7zC49+DcO4B1so4ZX07Ef10Twr6nuqYEH9GEggFXA4Fmg==",
      "license": "MIT",
      "funding": {
        "url": "https://paulmillr.com/funding/"
      }
    },
    "node_modules/@scure/sr25519": {
      "version": "0.2.0",
      "resolved": "https://registry.npmjs.org/@scure/sr25519/-/sr25519-0.2.0.tgz",
      "integrity": "sha512-uUuLP7Z126XdSizKtrCGqYyR3b3hYtJ6Fg/XFUXmc2//k2aXHDLqZwFeXxL97gg4XydPROPVnuaHGF2+xriSKg==",
      "license": "MIT",
      "dependencies": {
        "@noble/curves": "~1.9.2",
        "@noble/hashes": "~1.8.0"
      },
      "funding": {
        "url": "https://paulmillr.com/funding/"
      }
    },
    "node_modules/@substrate/ss58-registry": {
      "version": "1.51.0",
      "resolved": "https://registry.npmjs.org/@substrate/ss58-registry/-/ss58-registry-1.51.0.tgz",
      "integrity": "sha512-TWDurLiPxndFgKjVavCniytBIw+t4ViOi7TYp9h/D0NMmkEc9klFTo+827eyEJ0lELpqO207Ey7uGxUa+BS1jQ==",
      "license": "Apache-2.0"
    },
    "node_modules/@types/bn.js": {
      "version": "5.2.0",
      "resolved": "https://registry.npmjs.org/@types/bn.js/-/bn.js-5.2.0.tgz",
      "integrity": "sha512-DLbJ1BPqxvQhIGbeu8VbUC1DiAiahHtAYvA0ZEAa4P31F7IaArc8z3C3BRQdWX4mtLQuABG4yzp76ZrS02Ui1Q==",
      "license": "MIT",
      "dependencies": {
        "@types/node": "*"
      }
    },
    "node_modules/@types/node": {
      "version": "24.13.0",
      "resolved": "https://registry.npmjs.org/@types/node/-/node-24.13.0.tgz",
      "integrity": "sha512-5vtOqGQr4NJKeEzV441FcOi2MeG9UTWq9LqVLGneDdu4vlX17H8kQ2PA2UmNwCUGPVDj4oBjNhS7ReVEIWJJrg==",
      "license": "MIT",
      "dependencies": {
        "undici-types": "~7.18.0"
      }
    },
    "node_modules/aes-js": {
      "version": "4.0.0-beta.5",
      "resolved": "https://registry.npmjs.org/aes-js/-/aes-js-4.0.0-beta.5.tgz",
      "integrity": "sha512-G965FqalsNyrPqgEGON7nIx1e/OVENSgiEIzyC63haUMuvNnwIgIjMs52hlTCKhkBny7A2ORNlfY9Zu+jmGk1Q==",
      "license": "MIT"
    },
    "node_modules/bn.js": {
      "version": "5.2.3",
      "resolved": "https://registry.npmjs.org/bn.js/-/bn.js-5.2.3.tgz",
      "integrity": "sha512-EAcmnPkxpntVL+DS7bO1zhcZNvCkxqtkd0ZY53h06GNQ3DEkkGZ/gKgmDv6DdZQGj9BgfSPKtJJ7Dp1GPP8f7w==",
      "license": "MIT"
    },
    "node_modules/ethers": {
      "version": "6.16.0",
      "resolved": "https://registry.npmjs.org/ethers/-/ethers-6.16.0.tgz",
      "integrity": "sha512-U1wulmetNymijEhpSEQ7Ct/P/Jw9/e7R1j5XIbPRydgV2DjLVMsULDlNksq3RQnFgKoLlZf88ijYtWEXcPa07A==",
      "funding": [
        {
          "type": "individual",
          "url": "https://github.com/sponsors/ethers-io/"
        },
        {
          "type": "individual",
          "url": "https://www.buymeacoffee.com/ricmoo"
        }
      ],
      "license": "MIT",
      "dependencies": {
        "@adraffy/ens-normalize": "1.10.1",
        "@noble/curves": "1.2.0",
        "@noble/hashes": "1.3.2",
        "@types/node": "22.7.5",
        "aes-js": "4.0.0-beta.5",
        "tslib": "2.7.0",
        "ws": "8.17.1"
      },
      "engines": {
        "node": ">=14.0.0"
      }
    },
    "node_modules/ethers/node_modules/@noble/curves": {
      "version": "1.2.0",
      "resolved": "https://registry.npmjs.org/@noble/curves/-/curves-1.2.0.tgz",
      "integrity": "sha512-oYclrNgRaM9SsBUBVbb8M6DTV7ZHRTKugureoYEncY5c65HOmRzvSiTE3y5CYaPYJA/GVkrhXEoF0M3Ya9PMnw==",
      "license": "MIT",
      "dependencies": {
        "@noble/hashes": "1.3.2"
      },
      "funding": {
        "url": "https://paulmillr.com/funding/"
      }
    },
    "node_modules/ethers/node_modules/@noble/hashes": {
      "version": "1.3.2",
      "resolved": "https://registry.npmjs.org/@noble/hashes/-/hashes-1.3.2.tgz",
      "integrity": "sha512-MVC8EAQp7MvEcm30KWENFjgR+Mkmf+D189XJTkFIlwohU5hcBbn1ZkKq7KVTi2Hme3PMGF390DaL52beVrIihQ==",
      "license": "MIT",
      "engines": {
        "node": ">= 16"
      },
      "funding": {
        "url": "https://paulmillr.com/funding/"
      }
    },
    "node_modules/ethers/node_modules/@types/node": {
      "version": "22.7.5",
      "resolved": "https://registry.npmjs.org/@types/node/-/node-22.7.5.tgz",
      "integrity": "sha512-jML7s2NAzMWc//QSJ1a3prpk78cOPchGvXJsC3C6R6PSMoooztvRVQEz89gmBTBY1SPMaqo5teB4uNHPdetShQ==",
      "license": "MIT",
      "dependencies": {
        "undici-types": "~6.19.2"
      }
    },
    "node_modules/ethers/node_modules/tslib": {
      "version": "2.7.0",
      "resolved": "https://registry.npmjs.org/tslib/-/tslib-2.7.0.tgz",
      "integrity": "sha512-gLXCKdN1/j47AiHiOkJN69hJmcbGTHI0ImLmbYLHykhgeN0jVGola9yVjFgzCUklsZQMW55o+dW7IXv3RCXDzA==",
      "license": "0BSD"
    },
    "node_modules/ethers/node_modules/undici-types": {
      "version": "6.19.8",
      "resolved": "https://registry.npmjs.org/undici-types/-/undici-types-6.19.8.tgz",
      "integrity": "sha512-ve2KP6f/JnbPBFyobGHuerC9g1FYGn/F8n1LWTwNxCEzd6IfqTwUQcNXgEtmmQ6DlRrC1hrSrBnCZPokRrDHjw==",
      "license": "MIT"
    },
    "node_modules/tslib": {
      "version": "2.8.1",
      "resolved": "https://registry.npmjs.org/tslib/-/tslib-2.8.1.tgz",
      "integrity": "sha512-oJFu94HQb+KVduSUQL7wnpmqnfmLsOA/nAh6b6EH0wCEoK0/mPeXU6c3wKDV83MkOuHPRHtSXKKU99IBazS/2w==",
      "license": "0BSD"
    },
    "node_modules/typescript": {
      "version": "5.9.3",
      "resolved": "https://registry.npmjs.org/typescript/-/typescript-5.9.3.tgz",
      "integrity": "sha512-jl1vZzPDinLr9eUt3J/t7V6FgNEw9QjvBPdysz9KfQDD41fQrC2Y4vKQdiaUpFT4bXlb1RHhLpp8wtm6M5TgSw==",
      "dev": true,
      "license": "Apache-2.0",
      "bin": {
        "tsc": "bin/tsc",
        "tsserver": "bin/tsserver"
      },
      "engines": {
        "node": ">=14.17"
      }
    },
    "node_modules/undici-types": {
      "version": "7.18.2",
      "resolved": "https://registry.npmjs.org/undici-types/-/undici-types-7.18.2.tgz",
      "integrity": "sha512-AsuCzffGHJybSaRrmr5eHr81mwJU3kjw6M+uprWvCXiNeN9SOGwQ3Jn8jb8m3Z6izVgknn1R0FTCEAP2QrLY/w==",
      "license": "MIT"
    },
    "node_modules/ws": {
      "version": "8.17.1",
      "resolved": "https://registry.npmjs.org/ws/-/ws-8.17.1.tgz",
      "integrity": "sha512-6XQFvXTkbfUOZOKKILFG1PDK2NDQs4azKQl26T0YS5CxqWLgXajbPZ+h4gZekJyRqFU8pvnbAbbs/3TgRPy+GQ==",
      "license": "MIT",
      "engines": {
        "node": ">=10.0.0"
      },
      "peerDependencies": {
        "bufferutil": "^4.0.1",
        "utf-8-validate": ">=5.0.2"
      },
      "peerDependenciesMeta": {
        "bufferutil": {
          "optional": true
        },
        "utf-8-validate": {
          "optional": true
        }
      }
    },
    "node_modules/zod": {
      "version": "4.4.3",
      "resolved": "https://registry.npmjs.org/zod/-/zod-4.4.3.tgz",
      "integrity": "sha512-ytENFjIJFl2UwYglde2jchW2Hwm4GJFLDiSXWdTrJQBIN9Fcyp7n4DhxJEiWNAJMV1/BqWfW/kkg71UDcHJyTQ==",
      "license": "MIT",
      "funding": {
        "url": "https://github.com/sponsors/colinhacks"
      }
    }
  }
}
